
Microsoft Visual Studio Solution File, Format Version 12.00
# Visual Studio Version 16
VisualStudioVersion = 16.0.31829.152
MinimumVisualStudioVersion = 10.0.40219.1
Project("{9A19103F-16F7-4668-BE54-9A1E7A4F7556}") = "OvertimeRequestSystemAPI", "OvertimeRequestSystemAPI\OvertimeRequestSystemAPI.csproj", "{6A175C0F-456D-40FC-865A-52355326D4C4}"
EndProject
Project("{9A19103F-16F7-4668-BE54-9A1E7A4F7556}") = "OvertimeRequestSystemClient", "OvertimeRequestSystemClient\OvertimeRequestSystemClient.csproj", "{21C10174-E62A-4E3A-86C8-C5538845CD5A}"
EndProject
Global
	GlobalSection(SolutionConfigurationPlatforms) = preSolution
		Debug|Any CPU = Debug|Any CPU
		Release|Any CPU = Release|Any CPU
	EndGlobalSection
	GlobalSection(ProjectConfigurationPlatforms) = postSolution
		{6A175C0F-456D-40FC-865A-52355326D4C4}.Debug|Any CPU.ActiveCfg = Debug|Any CPU
		{6A175C0F-456D-40FC-865A-52355326D4C4}.Debug|Any CPU.Build.0 = Debug|Any CPU
		{6A175C0F-456D-40FC-865A-52355326D4C4}.Release|Any CPU.ActiveCfg = Release|Any CPU
		{6A175C0F-456D-40FC-865A-52355326D4C4}.Release|Any CPU.Build.0 = Release|Any CPU
		{21C10174-E62A-4E3A-86C8-C5538845CD5A}.Debug|Any CPU.ActiveCfg = Debug|Any CPU
		{21C10174-E62A-4E3A-86C8-C5538845CD5A}.Debug|Any CPU.Build.0 = Debug|Any CPU
		{21C10174-E62A-4E3A-86C8-C5538845CD5A}.Release|Any CPU.ActiveCfg = Release|Any CPU
		{21C10174-E62A-4E3A-86C8-C5538845CD5A}.Release|Any CPU.Build.0 = Release|Any CPU
	EndGlobalSection
	GlobalSection(SolutionProperties) = preSolution
		HideSolutionNode = FALSE
	EndGlobalSection
	GlobalSection(ExtensibilityGlobals) = postSolution
		SolutionGuid = {F3ED2668-DA2E-4544-A13D-6E0D0AEFF57E}
	EndGlobalSection
EndGlobal
